// !$*UTF8*$!
{
	archiveVersion = 1;
	classes = {
	};
	objectVersion = 56;
	objects = {

/* Begin PBXBuildFile section */
		3F7D95F529B9168F0079A466 /* TwitterSwiftUIApp.swift in Sources */ = {isa = PBXBuildFile; fileRef = 3F7D95F429B9168F0079A466 /* TwitterSwiftUIApp.swift */; };
		3F7D95F729B9168F0079A466 /* ContentView.swift in Sources */ = {isa = PBXBuildFile; fileRef = 3F7D95F629B9168F0079A466 /* ContentView.swift */; };
		3F7D95F929B916900079A466 /* Assets.xcassets in Resources */ = {isa = PBXBuildFile; fileRef = 3F7D95F829B916900079A466 /* Assets.xcassets */; };
		3F7D95FC29B916900079A466 /* Preview Assets.xcassets in Resources */ = {isa = PBXBuildFile; fileRef = 3F7D95FB29B916900079A466 /* Preview Assets.xcassets */; };
		3F7D960B29B917CC0079A466 /* FeedView.swift in Sources */ = {isa = PBXBuildFile; fileRef = 3F7D960A29B917CC0079A466 /* FeedView.swift */; };
		3F7D960E29B918AE0079A466 /* TweetRowView.swift in Sources */ = {isa = PBXBuildFile; fileRef = 3F7D960D29B918AE0079A466 /* TweetRowView.swift */; };
		3F7D961129B91F100079A466 /* MainTabView.swift in Sources */ = {isa = PBXBuildFile; fileRef = 3F7D961029B91F100079A466 /* MainTabView.swift */; };
		3F7D961729B920760079A466 /* ExploreView.swift in Sources */ = {isa = PBXBuildFile; fileRef = 3F7D961629B920760079A466 /* ExploreView.swift */; };
		3F7D961929B920960079A466 /* NotificationsView.swift in Sources */ = {isa = PBXBuildFile; fileRef = 3F7D961829B920960079A466 /* NotificationsView.swift */; };
		3F7D961B29B920B30079A466 /* MessagesView.swift in Sources */ = {isa = PBXBuildFile; fileRef = 3F7D961A29B920B30079A466 /* MessagesView.swift */; };
		3F7D961F29B9220B0079A466 /* ProfileView.swift in Sources */ = {isa = PBXBuildFile; fileRef = 3F7D961E29B9220B0079A466 /* ProfileView.swift */; };
		3F7D962129B928DB0079A466 /* TweetFilterViewModel.swift in Sources */ = {isa = PBXBuildFile; fileRef = 3F7D962029B928DB0079A466 /* TweetFilterViewModel.swift */; };
		3F7D962629B92FAD0079A466 /* UsersRowView.swift in Sources */ = {isa = PBXBuildFile; fileRef = 3F7D962529B92FAD0079A466 /* UsersRowView.swift */; };
		3F7D962B29B9345B0079A466 /* SideMenuView.swift in Sources */ = {isa = PBXBuildFile; fileRef = 3F7D962A29B9345B0079A466 /* SideMenuView.swift */; };
		3F7D962D29B934680079A466 /* SideMenuRowView.swift in Sources */ = {isa = PBXBuildFile; fileRef = 3F7D962C29B934680079A466 /* SideMenuRowView.swift */; };
		3F7D962F29B9347C0079A466 /* SideMenuViewModel.swift in Sources */ = {isa = PBXBuildFile; fileRef = 3F7D962E29B9347C0079A466 /* SideMenuViewModel.swift */; };
		3F7D963129B936900079A466 /* UserStatsView.swift in Sources */ = {isa = PBXBuildFile; fileRef = 3F7D963029B936900079A466 /* UserStatsView.swift */; };
		3F7D963329B93E1A0079A466 /* SideMenuOptionRowView.swift in Sources */ = {isa = PBXBuildFile; fileRef = 3F7D963229B93E1A0079A466 /* SideMenuOptionRowView.swift */; };
		3F7D963829BA1B510079A466 /* NewTweetView.swift in Sources */ = {isa = PBXBuildFile; fileRef = 3F7D963729BA1B510079A466 /* NewTweetView.swift */; };
		3F7D963A29BA1CA20079A466 /* TextArea.swift in Sources */ = {isa = PBXBuildFile; fileRef = 3F7D963929BA1CA20079A466 /* TextArea.swift */; };
		3F7D963F29BA36680079A466 /* RegistrationView.swift in Sources */ = {isa = PBXBuildFile; fileRef = 3F7D963E29BA36680079A466 /* RegistrationView.swift */; };
		3F7D964129BA36730079A466 /* LoginView.swift in Sources */ = {isa = PBXBuildFile; fileRef = 3F7D964029BA36730079A466 /* LoginView.swift */; };
		3F7D964329BA37F20079A466 /* RoundedShape.swift in Sources */ = {isa = PBXBuildFile; fileRef = 3F7D964229BA37F20079A466 /* RoundedShape.swift */; };
		3F7D964529BA3E740079A466 /* CustomInputField.swift in Sources */ = {isa = PBXBuildFile; fileRef = 3F7D964429BA3E740079A466 /* CustomInputField.swift */; };
		3F7D964C29BA558B0079A466 /* AuthHeaderView.swift in Sources */ = {isa = PBXBuildFile; fileRef = 3F7D964B29BA558B0079A466 /* AuthHeaderView.swift */; };
		3F7D964E29BA67EF0079A466 /* GoogleService-Info.plist in Resources */ = {isa = PBXBuildFile; fileRef = 3F7D964D29BA67EF0079A466 /* GoogleService-Info.plist */; };
		3F7D965129BA68D60079A466 /* FirebaseAuth in Frameworks */ = {isa = PBXBuildFile; productRef = 3F7D965029BA68D60079A466 /* FirebaseAuth */; };
		3F7D965329BA68D60079A466 /* FirebaseFirestore in Frameworks */ = {isa = PBXBuildFile; productRef = 3F7D965229BA68D60079A466 /* FirebaseFirestore */; };
		3F7D965529BA68D60079A466 /* FirebaseFirestoreSwift in Frameworks */ = {isa = PBXBuildFile; productRef = 3F7D965429BA68D60079A466 /* FirebaseFirestoreSwift */; };
		3F7D965729BA68D60079A466 /* FirebaseStorage in Frameworks */ = {isa = PBXBuildFile; productRef = 3F7D965629BA68D60079A466 /* FirebaseStorage */; };
/* End PBXBuildFile section */

/* Begin PBXFileReference section */
		3F7D95F129B9168F0079A466 /* TwitterSwiftUI.app */ = {isa = PBXFileReference; explicitFileType = wrapper.application; includeInIndex = 0; path = TwitterSwiftUI.app; sourceTree = BUILT_PRODUCTS_DIR; };
		3F7D95F429B9168F0079A466 /* TwitterSwiftUIApp.swift */ = {isa = PBXFileReference; lastKnownFileType = sourcecode.swift; path = TwitterSwiftUIApp.swift; sourceTree = "<group>"; };
		3F7D95F629B9168F0079A466 /* ContentView.swift */ = {isa = PBXFileReference; lastKnownFileType = sourcecode.swift; path = ContentView.swift; sourceTree = "<group>"; };
		3F7D95F829B916900079A466 /* Assets.xcassets */ = {isa = PBXFileReference; lastKnownFileType = folder.assetcatalog; path = Assets.xcassets; sourceTree = "<group>"; };
		3F7D95FB29B916900079A466 /* Preview Assets.xcassets */ = {isa = PBXFileReference; lastKnownFileType = folder.assetcatalog; path = "Preview Assets.xcassets"; sourceTree = "<group>"; };
		3F7D960A29B917CC0079A466 /* FeedView.swift */ = {isa = PBXFileReference; lastKnownFileType = sourcecode.swift; path = FeedView.swift; sourceTree = "<group>"; };
		3F7D960D29B918AE0079A466 /* TweetRowView.swift */ = {isa = PBXFileReference; lastKnownFileType = sourcecode.swift; path = TweetRowView.swift; sourceTree = "<group>"; };
		3F7D961029B91F100079A466 /* MainTabView.swift */ = {isa = PBXFileReference; lastKnownFileType = sourcecode.swift; path = MainTabView.swift; sourceTree = "<group>"; };
		3F7D961629B920760079A466 /* ExploreView.swift */ = {isa = PBXFileReference; lastKnownFileType = sourcecode.swift; path = ExploreView.swift; sourceTree = "<group>"; };
		3F7D961829B920960079A466 /* NotificationsView.swift */ = {isa = PBXFileReference; lastKnownFileType = sourcecode.swift; path = NotificationsView.swift; sourceTree = "<group>"; };
		3F7D961A29B920B30079A466 /* MessagesView.swift */ = {isa = PBXFileReference; lastKnownFileType = sourcecode.swift; path = MessagesView.swift; sourceTree = "<group>"; };
		3F7D961E29B9220B0079A466 /* ProfileView.swift */ = {isa = PBXFileReference; lastKnownFileType = sourcecode.swift; path = ProfileView.swift; sourceTree = "<group>"; };
		3F7D962029B928DB0079A466 /* TweetFilterViewModel.swift */ = {isa = PBXFileReference; lastKnownFileType = sourcecode.swift; path = TweetFilterViewModel.swift; sourceTree = "<group>"; };
		3F7D962529B92FAD0079A466 /* UsersRowView.swift */ = {isa = PBXFileReference; lastKnownFileType = sourcecode.swift; path = UsersRowView.swift; sourceTree = "<group>"; };
		3F7D962A29B9345B0079A466 /* SideMenuView.swift */ = {isa = PBXFileReference; lastKnownFileType = sourcecode.swift; path = SideMenuView.swift; sourceTree = "<group>"; };
		3F7D962C29B934680079A466 /* SideMenuRowView.swift */ = {isa = PBXFileReference; lastKnownFileType = sourcecode.swift; path = SideMenuRowView.swift; sourceTree = "<group>"; };
		3F7D962E29B9347C0079A466 /* SideMenuViewModel.swift */ = {isa = PBXFileReference; lastKnownFileType = sourcecode.swift; path = SideMenuViewModel.swift; sourceTree = "<group>"; };
		3F7D963029B936900079A466 /* UserStatsView.swift */ = {isa = PBXFileReference; lastKnownFileType = sourcecode.swift; path = UserStatsView.swift; sourceTree = "<group>"; };
		3F7D963229B93E1A0079A466 /* SideMenuOptionRowView.swift */ = {isa = PBXFileReference; lastKnownFileType = sourcecode.swift; path = SideMenuOptionRowView.swift; sourceTree = "<group>"; };
		3F7D963729BA1B510079A466 /* NewTweetView.swift */ = {isa = PBXFileReference; lastKnownFileType = sourcecode.swift; path = NewTweetView.swift; sourceTree = "<group>"; };
		3F7D963929BA1CA20079A466 /* TextArea.swift */ = {isa = PBXFileReference; lastKnownFileType = sourcecode.swift; path = TextArea.swift; sourceTree = "<group>"; };
		3F7D963E29BA36680079A466 /* RegistrationView.swift */ = {isa = PBXFileReference; lastKnownFileType = sourcecode.swift; path = RegistrationView.swift; sourceTree = "<group>"; };
		3F7D964029BA36730079A466 /* LoginView.swift */ = {isa = PBXFileReference; lastKnownFileType = sourcecode.swift; path = LoginView.swift; sourceTree = "<group>"; };
		3F7D964229BA37F20079A466 /* RoundedShape.swift */ = {isa = PBXFileReference; lastKnownFileType = sourcecode.swift; path = RoundedShape.swift; sourceTree = "<group>"; };
		3F7D964429BA3E740079A466 /* CustomInputField.swift */ = {isa = PBXFileReference; lastKnownFileType = sourcecode.swift; path = CustomInputField.swift; sourceTree = "<group>"; };
		3F7D964B29BA558B0079A466 /* AuthHeaderView.swift */ = {isa = PBXFileReference; lastKnownFileType = sourcecode.swift; path = AuthHeaderView.swift; sourceTree = "<group>"; };
		3F7D964D29BA67EF0079A466 /* GoogleService-Info.plist */ = {isa = PBXFileReference; fileEncoding = 4; lastKnownFileType = text.plist.xml; path = "GoogleService-Info.plist"; sourceTree = "<group>"; };
/* End PBXFileReference section */

/* Begin PBXFrameworksBuildPhase section */
		3F7D95EE29B9168F0079A466 /* Frameworks */ = {
			isa = PBXFrameworksBuildPhase;
			buildActionMask = 2147483647;
			files = (
				3F7D965129BA68D60079A466 /* FirebaseAuth in Frameworks */,
				3F7D965729BA68D60079A466 /* FirebaseStorage in Frameworks */,
				3F7D965329BA68D60079A466 /* FirebaseFirestore in Frameworks */,
				3F7D965529BA68D60079A466 /* FirebaseFirestoreSwift in Frameworks */,
			);
			runOnlyForDeploymentPostprocessing = 0;
		};
/* End PBXFrameworksBuildPhase section */

/* Begin PBXGroup section */
		3F7D95E829B9168F0079A466 = {
			isa = PBXGroup;
			children = (
				3F7D95F329B9168F0079A466 /* TwitterSwiftUI */,
				3F7D95F229B9168F0079A466 /* Products */,
			);
			sourceTree = "<group>";
		};
		3F7D95F229B9168F0079A466 /* Products */ = {
			isa = PBXGroup;
			children = (
				3F7D95F129B9168F0079A466 /* TwitterSwiftUI.app */,
			);
			name = Products;
			sourceTree = "<group>";
		};
		3F7D95F329B9168F0079A466 /* TwitterSwiftUI */ = {
			isa = PBXGroup;
			children = (
				3F7D960529B916EE0079A466 /* Extensions */,
				3F7D960429B916B10079A466 /* Core */,
				3F7D960329B916B00079A466 /* Model */,
				3F7D960229B916A50079A466 /* Services */,
				3F7D95F429B9168F0079A466 /* TwitterSwiftUIApp.swift */,
				3F7D95F629B9168F0079A466 /* ContentView.swift */,
				3F7D95F829B916900079A466 /* Assets.xcassets */,
				3F7D964D29BA67EF0079A466 /* GoogleService-Info.plist */,
				3F7D95FA29B916900079A466 /* Preview Content */,
			);
			path = TwitterSwiftUI;
			sourceTree = "<group>";
		};
		3F7D95FA29B916900079A466 /* Preview Content */ = {
			isa = PBXGroup;
			children = (
				3F7D95FB29B916900079A466 /* Preview Assets.xcassets */,
			);
			path = "Preview Content";
			sourceTree = "<group>";
		};
		3F7D960229B916A50079A466 /* Services */ = {
			isa = PBXGroup;
			children = (
			);
			path = Services;
			sourceTree = "<group>";
		};
		3F7D960329B916B00079A466 /* Model */ = {
			isa = PBXGroup;
			children = (
			);
			path = Model;
			sourceTree = "<group>";
		};
		3F7D960429B916B10079A466 /* Core */ = {
			isa = PBXGroup;
			children = (
				3F7D960629B916FA0079A466 /* Components */,
				3F7D963B29BA36320079A466 /* Authentication */,
				3F7D963429BA1B250079A466 /* UploadTweet */,
				3F7D962729B933EE0079A466 /* SideMenu */,
				3F7D961529B920520079A466 /* Profile */,
				3F7D961429B920280079A466 /* Explore */,
				3F7D961329B920250079A466 /* Notifications */,
				3F7D961229B9201E0079A466 /* Messages */,
				3F7D960F29B91EFA0079A466 /* MainTab */,
				3F7D960729B917060079A466 /* Feed */,
			);
			name = Core;
			path = "New Group1/Core";
			sourceTree = "<group>";
		};
		3F7D960529B916EE0079A466 /* Extensions */ = {
			isa = PBXGroup;
			children = (
			);
			path = Extensions;
			sourceTree = "<group>";
		};
		3F7D960629B916FA0079A466 /* Components */ = {
			isa = PBXGroup;
			children = (
				3F7D964629BA54C90079A466 /* Authentication */,
				3F7D962429B92F880079A466 /* Users */,
				3F7D960C29B918710079A466 /* Tweets */,
				3F7D963929BA1CA20079A466 /* TextArea.swift */,
				3F7D964229BA37F20079A466 /* RoundedShape.swift */,
				3F7D964429BA3E740079A466 /* CustomInputField.swift */,
			);
			path = Components;
			sourceTree = "<group>";
		};
		3F7D960729B917060079A466 /* Feed */ = {
			isa = PBXGroup;
			children = (
				3F7D960829B917AA0079A466 /* ViewModels */,
				3F7D960929B917B30079A466 /* View */,
			);
			path = Feed;
			sourceTree = "<group>";
		};
		3F7D960829B917AA0079A466 /* ViewModels */ = {
			isa = PBXGroup;
			children = (
			);
			path = ViewModels;
			sourceTree = "<group>";
		};
		3F7D960929B917B30079A466 /* View */ = {
			isa = PBXGroup;
			children = (
				3F7D960A29B917CC0079A466 /* FeedView.swift */,
			);
			path = View;
			sourceTree = "<group>";
		};
		3F7D960C29B918710079A466 /* Tweets */ = {
			isa = PBXGroup;
			children = (
				3F7D960D29B918AE0079A466 /* TweetRowView.swift */,
			);
			path = Tweets;
			sourceTree = "<group>";
		};
		3F7D960F29B91EFA0079A466 /* MainTab */ = {
			isa = PBXGroup;
			children = (
				3F7D961029B91F100079A466 /* MainTabView.swift */,
			);
			path = MainTab;
			sourceTree = "<group>";
		};
		3F7D961229B9201E0079A466 /* Messages */ = {
			isa = PBXGroup;
			children = (
				3F7D961A29B920B30079A466 /* MessagesView.swift */,
			);
			path = Messages;
			sourceTree = "<group>";
		};
		3F7D961329B920250079A466 /* Notifications */ = {
			isa = PBXGroup;
			children = (
				3F7D961829B920960079A466 /* NotificationsView.swift */,
			);
			path = Notifications;
			sourceTree = "<group>";
		};
		3F7D961429B920280079A466 /* Explore */ = {
			isa = PBXGroup;
			children = (
				3F7D962329B92F5C0079A466 /* ViewModels */,
				3F7D962229B92F540079A466 /* Views */,
			);
			path = Explore;
			sourceTree = "<group>";
		};
		3F7D961529B920520079A466 /* Profile */ = {
			isa = PBXGroup;
			children = (
				3F7D961C29B921EC0079A466 /* ViewModels */,
				3F7D961D29B921F40079A466 /* Views */,
			);
			path = Profile;
			sourceTree = "<group>";
		};
		3F7D961C29B921EC0079A466 /* ViewModels */ = {
			isa = PBXGroup;
			children = (
				3F7D962029B928DB0079A466 /* TweetFilterViewModel.swift */,
			);
			path = ViewModels;
			sourceTree = "<group>";
		};
		3F7D961D29B921F40079A466 /* Views */ = {
			isa = PBXGroup;
			children = (
				3F7D961E29B9220B0079A466 /* ProfileView.swift */,
			);
			path = Views;
			sourceTree = "<group>";
		};
		3F7D962229B92F540079A466 /* Views */ = {
			isa = PBXGroup;
			children = (
				3F7D961629B920760079A466 /* ExploreView.swift */,
			);
			path = Views;
			sourceTree = "<group>";
		};
		3F7D962329B92F5C0079A466 /* ViewModels */ = {
			isa = PBXGroup;
			children = (
			);
			path = ViewModels;
			sourceTree = "<group>";
		};
		3F7D962429B92F880079A466 /* Users */ = {
			isa = PBXGroup;
			children = (
				3F7D962529B92FAD0079A466 /* UsersRowView.swift */,
				3F7D963029B936900079A466 /* UserStatsView.swift */,
			);
			path = Users;
			sourceTree = "<group>";
		};
		3F7D962729B933EE0079A466 /* SideMenu */ = {
			isa = PBXGroup;
			children = (
				3F7D962929B934460079A466 /* Views */,
				3F7D962829B934350079A466 /* ViewModel */,
			);
			path = SideMenu;
			sourceTree = "<group>";
		};
		3F7D962829B934350079A466 /* ViewModel */ = {
			isa = PBXGroup;
			children = (
				3F7D962E29B9347C0079A466 /* SideMenuViewModel.swift */,
			);
			path = ViewModel;
			sourceTree = "<group>";
		};
		3F7D962929B934460079A466 /* Views */ = {
			isa = PBXGroup;
			children = (
				3F7D962A29B9345B0079A466 /* SideMenuView.swift */,
				3F7D962C29B934680079A466 /* SideMenuRowView.swift */,
				3F7D963229B93E1A0079A466 /* SideMenuOptionRowView.swift */,
			);
			path = Views;
			sourceTree = "<group>";
		};
		3F7D963429BA1B250079A466 /* UploadTweet */ = {
			isa = PBXGroup;
			children = (
				3F7D963629BA1B380079A466 /* ViewModels */,
				3F7D963529BA1B2F0079A466 /* Views */,
			);
			path = UploadTweet;
			sourceTree = "<group>";
		};
		3F7D963529BA1B2F0079A466 /* Views */ = {
			isa = PBXGroup;
			children = (
				3F7D963729BA1B510079A466 /* NewTweetView.swift */,
			);
			path = Views;
			sourceTree = "<group>";
		};
		3F7D963629BA1B380079A466 /* ViewModels */ = {
			isa = PBXGroup;
			children = (
			);
			path = ViewModels;
			sourceTree = "<group>";
		};
		3F7D963B29BA36320079A466 /* Authentication */ = {
			isa = PBXGroup;
			children = (
				3F7D963D29BA364A0079A466 /* Views */,
				3F7D963C29BA36400079A466 /* ViewModel */,
			);
			path = Authentication;
			sourceTree = "<group>";
		};
		3F7D963C29BA36400079A466 /* ViewModel */ = {
			isa = PBXGroup;
			children = (
			);
			path = ViewModel;
			sourceTree = "<group>";
		};
		3F7D963D29BA364A0079A466 /* Views */ = {
			isa = PBXGroup;
			children = (
				3F7D963E29BA36680079A466 /* RegistrationView.swift */,
				3F7D964029BA36730079A466 /* LoginView.swift */,
			);
			path = Views;
			sourceTree = "<group>";
		};
		3F7D964629BA54C90079A466 /* Authentication */ = {
			isa = PBXGroup;
			children = (
				3F7D964B29BA558B0079A466 /* AuthHeaderView.swift */,
			);
			path = Authentication;
			sourceTree = "<group>";
		};
/* End PBXGroup section */

/* Begin PBXNativeTarget section */
		3F7D95F029B9168F0079A466 /* TwitterSwiftUI */ = {
			isa = PBXNativeTarget;
			buildConfigurationList = 3F7D95FF29B916900079A466 /* Build configuration list for PBXNativeTarget "TwitterSwiftUI" */;
			buildPhases = (
				3F7D95ED29B9168F0079A466 /* Sources */,
				3F7D95EE29B9168F0079A466 /* Frameworks */,
				3F7D95EF29B9168F0079A466 /* Resources */,
			);
			buildRules = (
			);
			dependencies = (
			);
			name = TwitterSwiftUI;
			packageProductDependencies = (
				3F7D965029BA68D60079A466 /* FirebaseAuth */,
				3F7D965229BA68D60079A466 /* FirebaseFirestore */,
				3F7D965429BA68D60079A466 /* FirebaseFirestoreSwift */,
				3F7D965629BA68D60079A466 /* FirebaseStorage */,
			);
			productName = TwitterSwiftUI;
			productReference = 3F7D95F129B9168F0079A466 /* TwitterSwiftUI.app */;
			productType = "com.apple.product-type.application";
		};
/* End PBXNativeTarget section */

/* Begin PBXProject section */
		3F7D95E929B9168F0079A466 /* Project object */ = {
			isa = PBXProject;
			attributes = {
				BuildIndependentTargetsInParallel = 1;
				LastSwiftUpdateCheck = 1420;
				LastUpgradeCheck = 1420;
				TargetAttributes = {
					3F7D95F029B9168F0079A466 = {
						CreatedOnToolsVersion = 14.2;
					};
				};
			};
			buildConfigurationList = 3F7D95EC29B9168F0079A466 /* Build configuration list for PBXProject "TwitterSwiftUI" */;
			compatibilityVersion = "Xcode 14.0";
			developmentRegion = en;
			hasScannedForEncodings = 0;
			knownRegions = (
				en,
				Base,
			);
			mainGroup = 3F7D95E829B9168F0079A466;
			packageReferences = (
				3F7D964F29BA68D60079A466 /* XCRemoteSwiftPackageReference "firebase-ios-sdk" */,
			);
			productRefGroup = 3F7D95F229B9168F0079A466 /* Products */;
			projectDirPath = "";
			projectRoot = "";
			targets = (
				3F7D95F029B9168F0079A466 /* TwitterSwiftUI */,
			);
		};
/* End PBXProject section */

/* Begin PBXResourcesBuildPhase section */
		3F7D95EF29B9168F0079A466 /* Resources */ = {
			isa = PBXResourcesBuildPhase;
			buildActionMask = 2147483647;
			files = (
				3F7D95FC29B916900079A466 /* Preview Assets.xcassets in Resources */,
				3F7D964E29BA67EF0079A466 /* GoogleService-Info.plist in Resources */,
				3F7D95F929B916900079A466 /* Assets.xcassets in Resources */,
			);
			runOnlyForDeploymentPostprocessing = 0;
		};
/* End PBXResourcesBuildPhase section */

/* Begin PBXSourcesBuildPhase section */
		3F7D95ED29B9168F0079A466 /* Sources */ = {
			isa = PBXSourcesBuildPhase;
			buildActionMask = 2147483647;
			files = (
				3F7D961B29B920B30079A466 /* MessagesView.swift in Sources */,
				3F7D961F29B9220B0079A466 /* ProfileView.swift in Sources */,
				3F7D95F729B9168F0079A466 /* ContentView.swift in Sources */,
				3F7D962D29B934680079A466 /* SideMenuRowView.swift in Sources */,
				3F7D962629B92FAD0079A466 /* UsersRowView.swift in Sources */,
				3F7D960E29B918AE0079A466 /* TweetRowView.swift in Sources */,
				3F7D964529BA3E740079A466 /* CustomInputField.swift in Sources */,
				3F7D962129B928DB0079A466 /* TweetFilterViewModel.swift in Sources */,
				3F7D963A29BA1CA20079A466 /* TextArea.swift in Sources */,
				3F7D962B29B9345B0079A466 /* SideMenuView.swift in Sources */,
				3F7D960B29B917CC0079A466 /* FeedView.swift in Sources */,
				3F7D963829BA1B510079A466 /* NewTweetView.swift in Sources */,
				3F7D95F529B9168F0079A466 /* TwitterSwiftUIApp.swift in Sources */,
				3F7D962F29B9347C0079A466 /* SideMenuViewModel.swift in Sources */,
				3F7D963F29BA36680079A466 /* RegistrationView.swift in Sources */,
				3F7D964329BA37F20079A466 /* RoundedShape.swift in Sources */,
				3F7D961729B920760079A466 /* ExploreView.swift in Sources */,
				3F7D963329B93E1A0079A466 /* SideMenuOptionRowView.swift in Sources */,
				3F7D961129B91F100079A466 /* MainTabView.swift in Sources */,
				3F7D961929B920960079A466 /* NotificationsView.swift in Sources */,
				3F7D964C29BA558B0079A466 /* AuthHeaderView.swift in Sources */,
				3F7D964129BA36730079A466 /* LoginView.swift in Sources */,
				3F7D963129B936900079A466 /* UserStatsView.swift in Sources */,
			);
			runOnlyForDeploymentPostprocessing = 0;
		};
/* End PBXSourcesBuildPhase section */

/* Begin XCBuildConfiguration section */
		3F7D95FD29B916900079A466 /* Debug */ = {
			isa = XCBuildConfiguration;
			buildSettings = {
				ALWAYS_SEARCH_USER_PATHS = NO;
				CLANG_ANALYZER_NONNULL = YES;
				CLANG_ANALYZER_NUMBER_OBJECT_CONVERSION = YES_AGGRESSIVE;
				CLANG_CXX_LANGUAGE_STANDARD = "gnu++20";
				CLANG_ENABLE_MODULES = YES;
				CLANG_ENABLE_OBJC_ARC = YES;
				CLANG_ENABLE_OBJC_WEAK = YES;
				CLANG_WARN_BLOCK_CAPTURE_AUTORELEASING = YES;
				CLANG_WARN_BOOL_CONVERSION = YES;
				CLANG_WARN_COMMA = YES;
				CLANG_WARN_CONSTANT_CONVERSION = YES;
				CLANG_WARN_DEPRECATED_OBJC_IMPLEMENTATIONS = YES;
				CLANG_WARN_DIRECT_OBJC_ISA_USAGE = YES_ERROR;
				CLANG_WARN_DOCUMENTATION_COMMENTS = YES;
				CLANG_WARN_EMPTY_BODY = YES;
				CLANG_WARN_ENUM_CONVERSION = YES;
				CLANG_WARN_INFINITE_RECURSION = YES;
				CLANG_WARN_INT_CONVERSION = YES;
				CLANG_WARN_NON_LITERAL_NULL_CONVERSION = YES;
				CLANG_WARN_OBJC_IMPLICIT_RETAIN_SELF = YES;
				CLANG_WARN_OBJC_LITERAL_CONVERSION = YES;
				CLANG_WARN_OBJC_ROOT_CLASS = YES_ERROR;
				CLANG_WARN_QUOTED_INCLUDE_IN_FRAMEWORK_HEADER = YES;
				CLANG_WARN_RANGE_LOOP_ANALYSIS = YES;
				CLANG_WARN_STRICT_PROTOTYPES = YES;
				CLANG_WARN_SUSPICIOUS_MOVE = YES;
				CLANG_WARN_UNGUARDED_AVAILABILITY = YES_AGGRESSIVE;
				CLANG_WARN_UNREACHABLE_CODE = YES;
				CLANG_WARN__DUPLICATE_METHOD_MATCH = YES;
				COPY_PHASE_STRIP = NO;
				DEBUG_INFORMATION_FORMAT = dwarf;
				ENABLE_STRICT_OBJC_MSGSEND = YES;
				ENABLE_TESTABILITY = YES;
				GCC_C_LANGUAGE_STANDARD = gnu11;
				GCC_DYNAMIC_NO_PIC = NO;
				GCC_NO_COMMON_BLOCKS = YES;
				GCC_OPTIMIZATION_LEVEL = 0;
				GCC_PREPROCESSOR_DEFINITIONS = (
					"DEBUG=1",
					"$(inherited)",
				);
				GCC_WARN_64_TO_32_BIT_CONVERSION = YES;
				GCC_WARN_ABOUT_RETURN_TYPE = YES_ERROR;
				GCC_WARN_UNDECLARED_SELECTOR = YES;
				GCC_WARN_UNINITIALIZED_AUTOS = YES_AGGRESSIVE;
				GCC_WARN_UNUSED_FUNCTION = YES;
				GCC_WARN_UNUSED_VARIABLE = YES;
				IPHONEOS_DEPLOYMENT_TARGET = 16.2;
				MTL_ENABLE_DEBUG_INFO = INCLUDE_SOURCE;
				MTL_FAST_MATH = YES;
				ONLY_ACTIVE_ARCH = YES;
				SDKROOT = iphoneos;
				SWIFT_ACTIVE_COMPILATION_CONDITIONS = DEBUG;
				SWIFT_OPTIMIZATION_LEVEL = "-Onone";
			};
			name = Debug;
		};
		3F7D95FE29B916900079A466 /* Release */ = {
			isa = XCBuildConfiguration;
			buildSettings = {
				ALWAYS_SEARCH_USER_PATHS = NO;
				CLANG_ANALYZER_NONNULL = YES;
				CLANG_ANALYZER_NUMBER_OBJECT_CONVERSION = YES_AGGRESSIVE;
				CLANG_CXX_LANGUAGE_STANDARD = "gnu++20";
				CLANG_ENABLE_MODULES = YES;
				CLANG_ENABLE_OBJC_ARC = YES;
				CLANG_ENABLE_OBJC_WEAK = YES;
				CLANG_WARN_BLOCK_CAPTURE_AUTORELEASING = YES;
				CLANG_WARN_BOOL_CONVERSION = YES;
				CLANG_WARN_COMMA = YES;
				CLANG_WARN_CONSTANT_CONVERSION = YES;
				CLANG_WARN_DEPRECATED_OBJC_IMPLEMENTATIONS = YES;
				CLANG_WARN_DIRECT_OBJC_ISA_USAGE = YES_ERROR;
				CLANG_WARN_DOCUMENTATION_COMMENTS = YES;
				CLANG_WARN_EMPTY_BODY = YES;
				CLANG_WARN_ENUM_CONVERSION = YES;
				CLANG_WARN_INFINITE_RECURSION = YES;
				CLANG_WARN_INT_CONVERSION = YES;
				CLANG_WARN_NON_LITERAL_NULL_CONVERSION = YES;
				CLANG_WARN_OBJC_IMPLICIT_RETAIN_SELF = YES;
				CLANG_WARN_OBJC_LITERAL_CONVERSION = YES;
				CLANG_WARN_OBJC_ROOT_CLASS = YES_ERROR;
				CLANG_WARN_QUOTED_INCLUDE_IN_FRAMEWORK_HEADER = YES;
				CLANG_WARN_RANGE_LOOP_ANALYSIS = YES;
				CLANG_WARN_STRICT_PROTOTYPES = YES;
				CLANG_WARN_SUSPICIOUS_MOVE = YES;
				CLANG_WARN_UNGUARDED_AVAILABILITY = YES_AGGRESSIVE;
				CLANG_WARN_UNREACHABLE_CODE = YES;
				CLANG_WARN__DUPLICATE_METHOD_MATCH = YES;
				COPY_PHASE_STRIP = NO;
				DEBUG_INFORMATION_FORMAT = "dwarf-with-dsym";
				ENABLE_NS_ASSERTIONS = NO;
				ENABLE_STRICT_OBJC_MSGSEND = YES;
				GCC_C_LANGUAGE_STANDARD = gnu11;
				GCC_NO_COMMON_BLOCKS = YES;
				GCC_WARN_64_TO_32_BIT_CONVERSION = YES;
				GCC_WARN_ABOUT_RETURN_TYPE = YES_ERROR;
				GCC_WARN_UNDECLARED_SELECTOR = YES;
				GCC_WARN_UNINITIALIZED_AUTOS = YES_AGGRESSIVE;
				GCC_WARN_UNUSED_FUNCTION = YES;
				GCC_WARN_UNUSED_VARIABLE = YES;
				IPHONEOS_DEPLOYMENT_TARGET = 16.2;
				MTL_ENABLE_DEBUG_INFO = NO;
				MTL_FAST_MATH = YES;
				SDKROOT = iphoneos;
				SWIFT_COMPILATION_MODE = wholemodule;
				SWIFT_OPTIMIZATION_LEVEL = "-O";
				VALIDATE_PRODUCT = YES;
			};
			name = Release;
		};
		3F7D960029B916900079A466 /* Debug */ = {
			isa = XCBuildConfiguration;
			buildSettings = {
				ASSETCATALOG_COMPILER_APPICON_NAME = AppIcon;
				ASSETCATALOG_COMPILER_GLOBAL_ACCENT_COLOR_NAME = AccentColor;
				CODE_SIGN_STYLE = Automatic;
				CURRENT_PROJECT_VERSION = 1;
				DEVELOPMENT_ASSET_PATHS = "\"TwitterSwiftUI/Preview Content\"";
				ENABLE_PREVIEWS = YES;
				GENERATE_INFOPLIST_FILE = YES;
				INFOPLIST_KEY_UIApplicationSceneManifest_Generation = YES;
				INFOPLIST_KEY_UIApplicationSupportsIndirectInputEvents = YES;
				INFOPLIST_KEY_UILaunchScreen_Generation = YES;
				INFOPLIST_KEY_UISupportedInterfaceOrientations_iPad = "UIInterfaceOrientationPortrait UIInterfaceOrientationPortraitUpsideDown UIInterfaceOrientationLandscapeLeft UIInterfaceOrientationLandscapeRight";
				INFOPLIST_KEY_UISupportedInterfaceOrientations_iPhone = "UIInterfaceOrientationPortrait UIInterfaceOrientationLandscapeLeft UIInterfaceOrientationLandscapeRight";
				LD_RUNPATH_SEARCH_PATHS = (
					"$(inherited)",
					"@executable_path/Frameworks",
				);
				MARKETING_VERSION = 1.0;
				PRODUCT_BUNDLE_IDENTIFIER = com.andy.TwitterSwiftUI;
				PRODUCT_NAME = "$(TARGET_NAME)";
				SWIFT_EMIT_LOC_STRINGS = YES;
				SWIFT_VERSION = 5.0;
				TARGETED_DEVICE_FAMILY = "1,2";
			};
			name = Debug;
		};
		3F7D960129B916900079A466 /* Release */ = {
			isa = XCBuildConfiguration;
			buildSettings = {
				ASSETCATALOG_COMPILER_APPICON_NAME = AppIcon;
				ASSETCATALOG_COMPILER_GLOBAL_ACCENT_COLOR_NAME = AccentColor;
				CODE_SIGN_STYLE = Automatic;
				CURRENT_PROJECT_VERSION = 1;
				DEVELOPMENT_ASSET_PATHS = "\"TwitterSwiftUI/Preview Content\"";
				ENABLE_PREVIEWS = YES;
				GENERATE_INFOPLIST_FILE = YES;
				INFOPLIST_KEY_UIApplicationSceneManifest_Generation = YES;
				INFOPLIST_KEY_UIApplicationSupportsIndirectInputEvents = YES;
				INFOPLIST_KEY_UILaunchScreen_Generation = YES;
				INFOPLIST_KEY_UISupportedInterfaceOrientations_iPad = "UIInterfaceOrientationPortrait UIInterfaceOrientationPortraitUpsideDown UIInterfaceOrientationLandscapeLeft UIInterfaceOrientationLandscapeRight";
				INFOPLIST_KEY_UISupportedInterfaceOrientations_iPhone = "UIInterfaceOrientationPortrait UIInterfaceOrientationLandscapeLeft UIInterfaceOrientationLandscapeRight";
				LD_RUNPATH_SEARCH_PATHS = (
					"$(inherited)",
					"@executable_path/Frameworks",
				);
				MARKETING_VERSION = 1.0;
				PRODUCT_BUNDLE_IDENTIFIER = com.andy.TwitterSwiftUI;
				PRODUCT_NAME = "$(TARGET_NAME)";
				SWIFT_EMIT_LOC_STRINGS = YES;
				SWIFT_VERSION = 5.0;
				TARGETED_DEVICE_FAMILY = "1,2";
			};
			name = Release;
		};
/* End XCBuildConfiguration section */

/* Begin XCConfigurationList section */
		3F7D95EC29B9168F0079A466 /* Build configuration list for PBXProject "TwitterSwiftUI" */ = {
			isa = XCConfigurationList;
			buildConfigurations = (
				3F7D95FD29B916900079A466 /* Debug */,
				3F7D95FE29B916900079A466 /* Release */,
			);
			defaultConfigurationIsVisible = 0;
			defaultConfigurationName = Release;
		};
		3F7D95FF29B916900079A466 /* Build configuration list for PBXNativeTarget "TwitterSwiftUI" */ = {
			isa = XCConfigurationList;
			buildConfigurations = (
				3F7D960029B916900079A466 /* Debug */,
				3F7D960129B916900079A466 /* Release */,
			);
			defaultConfigurationIsVisible = 0;
			defaultConfigurationName = Release;
		};
/* End XCConfigurationList section */

/* Begin XCRemoteSwiftPackageReference section */
		3F7D964F29BA68D60079A466 /* XCRemoteSwiftPackageReference "firebase-ios-sdk" */ = {
			isa = XCRemoteSwiftPackageReference;
			repositoryURL = "https://github.com/firebase/firebase-ios-sdk.git";
			requirement = {
				branch = master;
				kind = branch;
			};
		};
/* End XCRemoteSwiftPackageReference section */

/* Begin XCSwiftPackageProductDependency section */
		3F7D965029BA68D60079A466 /* FirebaseAuth */ = {
			isa = XCSwiftPackageProductDependency;
			package = 3F7D964F29BA68D60079A466 /* XCRemoteSwiftPackageReference "firebase-ios-sdk" */;
			productName = FirebaseAuth;
		};
		3F7D965229BA68D60079A466 /* FirebaseFirestore */ = {
			isa = XCSwiftPackageProductDependency;
			package = 3F7D964F29BA68D60079A466 /* XCRemoteSwiftPackageReference "firebase-ios-sdk" */;
			productName = FirebaseFirestore;
		};
		3F7D965429BA68D60079A466 /* FirebaseFirestoreSwift */ = {
			isa = XCSwiftPackageProductDependency;
			package = 3F7D964F29BA68D60079A466 /* XCRemoteSwiftPackageReference "firebase-ios-sdk" */;
			productName = FirebaseFirestoreSwift;
		};
		3F7D965629BA68D60079A466 /* FirebaseStorage */ = {
			isa = XCSwiftPackageProductDependency;
			package = 3F7D964F29BA68D60079A466 /* XCRemoteSwiftPackageReference "firebase-ios-sdk" */;
			productName = FirebaseStorage;
		};
/* End XCSwiftPackageProductDependency section */
	};
	rootObject = 3F7D95E929B9168F0079A466 /* Project object */;
}
